
Microsoft Visual Studio Solution File, Format Version 12.00
# Visual Studio 15
VisualStudioVersion = 15.0.28307.329
MinimumVisualStudioVersion = 10.0.40219.1
Project("{FAE04EC0-301F-11D3-BF4B-00C04F79EFBC}") = "XamTest.Android", "XamTest\XamTest.Android\XamTest.Android.csproj", "{6C568626-C55F-4B45-82F0-AC5CA1105222}"
EndProject
Project("{FAE04EC0-301F-11D3-BF4B-00C04F79EFBC}") = "XamTest.iOS", "XamTest\XamTest.iOS\XamTest.iOS.csproj", "{FD75FDD1-EEA8-4990-829B-3752DBC77529}"
EndProject
Project("{9A19103F-16F7-4668-BE54-9A1E7A4F7556}") = "XamTest", "XamTest\XamTest\XamTest.csproj", "{1AB559CD-B2A1-4D7B-B853-AB418F1DE5A3}"
EndProject
Project("{FAE04EC0-301F-11D3-BF4B-00C04F79EFBC}") = "xPlatAuction.Backend", "xPlatAuction.Backend\xPlatAuction.Backend.csproj", "{8F22A15D-DB6B-4935-A409-A3C4FF33E113}"
EndProject
Project("{2150E333-8FDC-42A3-9474-1A3956D46DE8}") = "Solution Items", "Solution Items", "{1440F715-7FFB-48D5-B0F6-4D1FE7A249AA}"
	ProjectSection(SolutionItems) = preProject
		.gitignore = .gitignore
	EndProjectSection
EndProject
Global
	GlobalSection(SolutionConfigurationPlatforms) = preSolution
		Debug|Any CPU = Debug|Any CPU
		Debug|iPhone = Debug|iPhone
		Debug|iPhoneSimulator = Debug|iPhoneSimulator
		Release|Any CPU = Release|Any CPU
		Release|iPhone = Release|iPhone
		Release|iPhoneSimulator = Release|iPhoneSimulator
	EndGlobalSection
	GlobalSection(ProjectConfigurationPlatforms) = postSolution
		{6C568626-C55F-4B45-82F0-AC5CA1105222}.Debug|Any CPU.ActiveCfg = Debug|Any CPU
		{6C568626-C55F-4B45-82F0-AC5CA1105222}.Debug|Any CPU.Build.0 = Debug|Any CPU
		{6C568626-C55F-4B45-82F0-AC5CA1105222}.Debug|Any CPU.Deploy.0 = Debug|Any CPU
		{6C568626-C55F-4B45-82F0-AC5CA1105222}.Debug|iPhone.ActiveCfg = Debug|Any CPU
		{6C568626-C55F-4B45-82F0-AC5CA1105222}.Debug|iPhone.Build.0 = Debug|Any CPU
		{6C568626-C55F-4B45-82F0-AC5CA1105222}.Debug|iPhone.Deploy.0 = Debug|Any CPU
		{6C568626-C55F-4B45-82F0-AC5CA1105222}.Debug|iPhoneSimulator.ActiveCfg = Debug|Any CPU
		{6C568626-C55F-4B45-82F0-AC5CA1105222}.Debug|iPhoneSimulator.Build.0 = Debug|Any CPU
		{6C568626-C55F-4B45-82F0-AC5CA1105222}.Debug|iPhoneSimulator.Deploy.0 = Debug|Any CPU
		{6C568626-C55F-4B45-82F0-AC5CA1105222}.Release|Any CPU.ActiveCfg = Release|Any CPU
		{6C568626-C55F-4B45-82F0-AC5CA1105222}.Release|Any CPU.Build.0 = Release|Any CPU
		{6C568626-C55F-4B45-82F0-AC5CA1105222}.Release|Any CPU.Deploy.0 = Release|Any CPU
		{6C568626-C55F-4B45-82F0-AC5CA1105222}.Release|iPhone.ActiveCfg = Release|Any CPU
		{6C568626-C55F-4B45-82F0-AC5CA1105222}.Release|iPhone.Build.0 = Release|Any CPU
		{6C568626-C55F-4B45-82F0-AC5CA1105222}.Release|iPhone.Deploy.0 = Release|Any CPU
		{6C568626-C55F-4B45-82F0-AC5CA1105222}.Release|iPhoneSimulator.ActiveCfg = Release|Any CPU
		{6C568626-C55F-4B45-82F0-AC5CA1105222}.Release|iPhoneSimulator.Build.0 = Release|Any CPU
		{6C568626-C55F-4B45-82F0-AC5CA1105222}.Release|iPhoneSimulator.Deploy.0 = Release|Any CPU
		{FD75FDD1-EEA8-4990-829B-3752DBC77529}.Debug|Any CPU.ActiveCfg = Debug|iPhoneSimulator
		{FD75FDD1-EEA8-4990-829B-3752DBC77529}.Debug|Any CPU.Build.0 = Debug|iPhoneSimulator
		{FD75FDD1-EEA8-4990-829B-3752DBC77529}.Debug|Any CPU.Deploy.0 = Debug|iPhoneSimulator
		{FD75FDD1-EEA8-4990-829B-3752DBC77529}.Debug|iPhone.ActiveCfg = Debug|iPhone
		{FD75FDD1-EEA8-4990-829B-3752DBC77529}.Debug|iPhone.Build.0 = Debug|iPhone
		{FD75FDD1-EEA8-4990-829B-3752DBC77529}.Debug|iPhone.Deploy.0 = Debug|iPhone
		{FD75FDD1-EEA8-4990-829B-3752DBC77529}.Debug|iPhoneSimulator.ActiveCfg = Debug|iPhoneSimulator
		{FD75FDD1-EEA8-4990-829B-3752DBC77529}.Debug|iPhoneSimulator.Build.0 = Debug|iPhoneSimulator
		{FD75FDD1-EEA8-4990-829B-3752DBC77529}.Debug|iPhoneSimulator.Deploy.0 = Debug|iPhoneSimulator
		{FD75FDD1-EEA8-4990-829B-3752DBC77529}.Release|Any CPU.ActiveCfg = Release|iPhone
		{FD75FDD1-EEA8-4990-829B-3752DBC77529}.Release|Any CPU.Build.0 = Release|iPhone
		{FD75FDD1-EEA8-4990-829B-3752DBC77529}.Release|Any CPU.Deploy.0 = Release|iPhone
		{FD75FDD1-EEA8-4990-829B-3752DBC77529}.Release|iPhone.ActiveCfg = Release|iPhone
		{FD75FDD1-EEA8-4990-829B-3752DBC77529}.Release|iPhone.Build.0 = Release|iPhone
		{FD75FDD1-EEA8-4990-829B-3752DBC77529}.Release|iPhone.Deploy.0 = Release|iPhone
		{FD75FDD1-EEA8-4990-829B-3752DBC77529}.Release|iPhoneSimulator.ActiveCfg = Release|iPhoneSimulator
		{FD75FDD1-EEA8-4990-829B-3752DBC77529}.Release|iPhoneSimulator.Build.0 = Release|iPhoneSimulator
		{FD75FDD1-EEA8-4990-829B-3752DBC77529}.Release|iPhoneSimulator.Deploy.0 = Release|iPhoneSimulator
		{1AB559CD-B2A1-4D7B-B853-AB418F1DE5A3}.Debug|Any CPU.ActiveCfg = Debug|Any CPU
		{1AB559CD-B2A1-4D7B-B853-AB418F1DE5A3}.Debug|Any CPU.Build.0 = Debug|Any CPU
		{1AB559CD-B2A1-4D7B-B853-AB418F1DE5A3}.Debug|Any CPU.Deploy.0 = Debug|Any CPU
		{1AB559CD-B2A1-4D7B-B853-AB418F1DE5A3}.Debug|iPhone.ActiveCfg = Debug|Any CPU
		{1AB559CD-B2A1-4D7B-B853-AB418F1DE5A3}.Debug|iPhone.Build.0 = Debug|Any CPU
		{1AB559CD-B2A1-4D7B-B853-AB418F1DE5A3}.Debug|iPhone.Deploy.0 = Debug|Any CPU
		{1AB559CD-B2A1-4D7B-B853-AB418F1DE5A3}.Debug|iPhoneSimulator.ActiveCfg = Debug|Any CPU
		{1AB559CD-B2A1-4D7B-B853-AB418F1DE5A3}.Debug|iPhoneSimulator.Build.0 = Debug|Any CPU
		{1AB559CD-B2A1-4D7B-B853-AB418F1DE5A3}.Debug|iPhoneSimulator.Deploy.0 = Debug|Any CPU
		{1AB559CD-B2A1-4D7B-B853-AB418F1DE5A3}.Release|Any CPU.ActiveCfg = Release|Any CPU
		{1AB559CD-B2A1-4D7B-B853-AB418F1DE5A3}.Release|Any CPU.Build.0 = Release|Any CPU
		{1AB559CD-B2A1-4D7B-B853-AB418F1DE5A3}.Release|Any CPU.Deploy.0 = Release|Any CPU
		{1AB559CD-B2A1-4D7B-B853-AB418F1DE5A3}.Release|iPhone.ActiveCfg = Release|Any CPU
		{1AB559CD-B2A1-4D7B-B853-AB418F1DE5A3}.Release|iPhone.Build.0 = Release|Any CPU
		{1AB559CD-B2A1-4D7B-B853-AB418F1DE5A3}.Release|iPhone.Deploy.0 = Release|Any CPU
		{1AB559CD-B2A1-4D7B-B853-AB418F1DE5A3}.Release|iPhoneSimulator.ActiveCfg = Release|Any CPU
		{1AB559CD-B2A1-4D7B-B853-AB418F1DE5A3}.Release|iPhoneSimulator.Build.0 = Release|Any CPU
		{1AB559CD-B2A1-4D7B-B853-AB418F1DE5A3}.Release|iPhoneSimulator.Deploy.0 = Release|Any CPU
		{8F22A15D-DB6B-4935-A409-A3C4FF33E113}.Debug|Any CPU.ActiveCfg = Debug|Any CPU
		{8F22A15D-DB6B-4935-A409-A3C4FF33E113}.Debug|Any CPU.Build.0 = Debug|Any CPU
		{8F22A15D-DB6B-4935-A409-A3C4FF33E113}.Debug|iPhone.ActiveCfg = Debug|Any CPU
		{8F22A15D-DB6B-4935-A409-A3C4FF33E113}.Debug|iPhone.Build.0 = Debug|Any CPU
		{8F22A15D-DB6B-4935-A409-A3C4FF33E113}.Debug|iPhoneSimulator.ActiveCfg = Debug|Any CPU
		{8F22A15D-DB6B-4935-A409-A3C4FF33E113}.Debug|iPhoneSimulator.Build.0 = Debug|Any CPU
		{8F22A15D-DB6B-4935-A409-A3C4FF33E113}.Release|Any CPU.ActiveCfg = Release|Any CPU
		{8F22A15D-DB6B-4935-A409-A3C4FF33E113}.Release|Any CPU.Build.0 = Release|Any CPU
		{8F22A15D-DB6B-4935-A409-A3C4FF33E113}.Release|iPhone.ActiveCfg = Release|Any CPU
		{8F22A15D-DB6B-4935-A409-A3C4FF33E113}.Release|iPhone.Build.0 = Release|Any CPU
		{8F22A15D-DB6B-4935-A409-A3C4FF33E113}.Release|iPhoneSimulator.ActiveCfg = Release|Any CPU
		{8F22A15D-DB6B-4935-A409-A3C4FF33E113}.Release|iPhoneSimulator.Build.0 = Release|Any CPU
	EndGlobalSection
	GlobalSection(SolutionProperties) = preSolution
		HideSolutionNode = FALSE
	EndGlobalSection
	GlobalSection(ExtensibilityGlobals) = postSolution
		SolutionGuid = {7F0D4F05-94C0-459D-84D6-BFED7A72EAF6}
	EndGlobalSection
EndGlobal
